
Microsoft Visual Studio Solution File, Format Version 12.00
# Visual Studio 15
VisualStudioVersion = 15.0.26730.16
MinimumVisualStudioVersion = 10.0.40219.1
Project("{FAE04EC0-301F-11D3-BF4B-00C04F79EFBC}") = "calculatorFromTheTop", "calculatorFromTheTop\calculatorFromTheTop.csproj", "{839C19DD-94B6-4939-91AC-937388E1D020}"
EndProject
Global
	GlobalSection(SolutionConfigurationPlatforms) = preSolution
		Debug|Any CPU = Debug|Any CPU
		Release|Any CPU = Release|Any CPU
	EndGlobalSection
	GlobalSection(ProjectConfigurationPlatforms) = postSolution
		{839C19DD-94B6-4939-91AC-937388E1D020}.Debug|Any CPU.ActiveCfg = Debug|Any CPU
		{839C19DD-94B6-4939-91AC-937388E1D020}.Debug|Any CPU.Build.0 = Debug|Any CPU
		{839C19DD-94B6-4939-91AC-937388E1D020}.Release|Any CPU.ActiveCfg = Release|Any CPU
		{839C19DD-94B6-4939-91AC-937388E1D020}.Release|Any CPU.Build.0 = Release|Any CPU
	EndGlobalSection
	GlobalSection(SolutionProperties) = preSolution
		HideSolutionNode = FALSE
	EndGlobalSection
	GlobalSection(ExtensibilityGlobals) = postSolution
		SolutionGuid = {E3238BB9-4C87-400B-95A4-0085EC6EB569}
	EndGlobalSection
EndGlobal
